github.com/google/go-cmp v0.6.0 h1:ofyhxvXcZhMsU5ulbFiLKl/XBFqE1GSq7atu8tAmTRI=
github.com/google/go-cmp v0.6.0/go.mod h1:17dUlkBOakJ0+DkrSSNjCkIjxS6bF9zb3elmeNGIjoY=
github.com/spice-framework/spice v0.0.0-20260805222830-a2ecd56df246 h1:IAPcr8bmwyeNQWME5bUWg/NvDVGoBJY+TRumFXMPXR8=
github.com/spice-framework/spice v0.0.0-20260805222830-a2ecd56df246/go.mod h1:dBZV5UZcbY6pzhfGNtvAwQIJ8YsFna+jf1SAlmukJfk=
github.com/spice-framework/toolchain v0.0.0-20260805222344-fd87027fc195 h1:jMwktByEDtUnAqEBdXFSDadqS/YkXFRYXhiNPQmrp9k=
github.com/spice-framework/toolchain v0.0.0-20260805222344-fd87027fc195/go.mod h1:MnYlki6ASyTY41i69yk/PQF/IKui9BPE2c/hKXjdx0Y=
golang.org/x/mod v0.38.0 h1:MECBjubtXD7yj4HrhIUcywNaGeNVUdfVnxmPajOk4yk=
golang.org/x/mod v0.38.0/go.mod h1:V6Xz0pq8TQ3dGqVQ1FVHuelZpAL0uNhSkk9ogYP3c40=
golang.org/x/sync v0.22.0 h1:SZjpbeLmrCk4xhRSZFNZW5gFUeCeFgjekvI/+gfScek=
golang.org/x/sync v0.22.0/go.mod h1:9xrNwdLfx4jkKbNva9FpL6vEN7evnE43NNNJQ2LF3+0=
golang.org/x/sys v0.47.0 h1:o7XGOvZQCADBQQ4Y7VNq2dRWQR7JmOUW8Kxx4ZsNgWs=
golang.org/x/sys v0.47.0/go.mod h1:4GL1E5IUh+htKOUEOaiffhrAeqysfVGipDYzABqnCmw=
golang.org/x/tools v0.48.0 h1:3+hClM1aLL5mjMKm5ovokw9epgRXPuu2tILgismM6RE=
golang.org/x/tools v0.48.0/go.mod h1:08xX0orndb/F7jJxGDicx061tyd5pcMto75YMAXr6lk=
